<Solution>
  <Project Path="KDT.ReachTraining.csproj" />
  <Project Path="Assembly-CSharp.csproj" />
  <Project Path="KDT.ReachTraining.PlayModeTests.csproj" />
  <Project Path="KDT.ReachTraining.Editor.csproj" />
  <Project Path="Assembly-CSharp-Editor.csproj" />
  <Project Path="KDT.ReachTraining.Tests.csproj" />
</Solution>
