<Solution>
  <Project Path="Assembly-CSharp.csproj" />
  <Project Path="KDT.GraspTraining.csproj" />
  <Project Path="KDT.GraspTraining.PlayModeTests.csproj" />
  <Project Path="Assembly-CSharp-Editor.csproj" />
  <Project Path="KDT.GraspTraining.Editor.csproj" />
  <Project Path="KDT.GraspTraining.Tests.csproj" />
</Solution>
